
Microsoft Visual Studio Solution File, Format Version 12.00
# Visual Studio Version 16
VisualStudioVersion = 16.0.30804.86
MinimumVisualStudioVersion = 10.0.40219.1
Project("{FAE04EC0-301F-11D3-BF4B-00C04F79EFBC}") = "JJ.Presentation.QuestionAndAnswer", "Presentation\QuestionAndAnswer\JJ.Presentation.QuestionAndAnswer.csproj", "{680C0600-E384-4F3D-9C2A-38ECC1FDB1CB}"
EndProject
Project("{FAE04EC0-301F-11D3-BF4B-00C04F79EFBC}") = "JJ.Business.QuestionAndAnswer", "Business\QuestionAndAnswer\JJ.Business.QuestionAndAnswer.csproj", "{B473BE3E-3DCA-4418-BFA0-9EBF0E024350}"
EndProject
Project("{FAE04EC0-301F-11D3-BF4B-00C04F79EFBC}") = "JJ.Data.QuestionAndAnswer", "Data\QuestionAndAnswer\JJ.Data.QuestionAndAnswer.csproj", "{64E812DC-4B3E-4A20-A6CA-7EA319383C49}"
EndProject
Project("{FAE04EC0-301F-11D3-BF4B-00C04F79EFBC}") = "JJ.Framework.Data", "..\JJ.Framework\Framework\Data\JJ.Framework.Data.csproj", "{7ADEDDCE-6903-4A58-94F5-D0B39B21330F}"
EndProject
Project("{FAE04EC0-301F-11D3-BF4B-00C04F79EFBC}") = "JJ.Framework.Data.NHibernate", "..\JJ.Framework\Framework\Data.NHibernate\JJ.Framework.Data.NHibernate.csproj", "{DB783ED9-FDE6-458F-A094-457B7F4283A0}"
EndProject
Project("{FAE04EC0-301F-11D3-BF4B-00C04F79EFBC}") = "JJ.Data.QuestionAndAnswer.DefaultRepositories", "Data\QuestionAndAnswer.DefaultRepositories\JJ.Data.QuestionAndAnswer.DefaultRepositories.csproj", "{B1408E4F-4A1C-4CD6-B818-0FF37A40E2FF}"
EndProject
Project("{FAE04EC0-301F-11D3-BF4B-00C04F79EFBC}") = "JJ.Framework.Configuration", "..\JJ.Framework\Framework\Configuration\JJ.Framework.Configuration.csproj", "{805A8237-05ED-40AE-8D1A-9288373EA5E0}"
EndProject
Project("{FAE04EC0-301F-11D3-BF4B-00C04F79EFBC}") = "JJ.Framework.Reflection", "..\JJ.Framework\Framework\Reflection\JJ.Framework.Reflection.csproj", "{1A8E047C-7893-4918-B415-CE3928E815D8}"
EndProject
Project("{FAE04EC0-301F-11D3-BF4B-00C04F79EFBC}") = "JJ.Framework.Common", "..\JJ.Framework\Framework\Common\JJ.Framework.Common.csproj", "{44FD9133-5FE7-4824-BD35-27273706D127}"
EndProject
Project("{FAE04EC0-301F-11D3-BF4B-00C04F79EFBC}") = "JJ.Data.QuestionAndAnswer.Tests", "Data\QuestionAndAnswer.Tests\JJ.Data.QuestionAndAnswer.Tests.csproj", "{7E76AD3A-2418-46EF-A48E-056C9EEF6738}"
EndProject
Project("{FAE04EC0-301F-11D3-BF4B-00C04F79EFBC}") = "JJ.Data.QuestionAndAnswer.NHibernate", "Data\QuestionAndAnswer.NHibernate\JJ.Data.QuestionAndAnswer.NHibernate.csproj", "{4507BFDD-1C21-4BA8-9486-4819D3B6AFCA}"
EndProject
Project("{2150E333-8FDC-42A3-9474-1A3956D46DE8}") = "Dependencies", "Dependencies", "{E3DC759D-B004-4E6C-8381-D5D5C74A5B92}"
EndProject
Project("{FAE04EC0-301F-11D3-BF4B-00C04F79EFBC}") = "JJ.Framework.Data.EntityFramework", "..\JJ.Framework\Framework\Data.EntityFramework\JJ.Framework.Data.EntityFramework.csproj", "{9676E4C3-1A1F-45B8-8FFD-C398F14002E7}"
EndProject
Project("{FAE04EC0-301F-11D3-BF4B-00C04F79EFBC}") = "JJ.Data.QuestionAndAnswer.EntityFramework", "Data\QuestionAndAnswer.EntityFramework\JJ.Data.QuestionAndAnswer.EntityFramework.csproj", "{FFE345E3-1F70-40E8-BB12-9CB377EF7EB5}"
EndProject
Project("{FAE04EC0-301F-11D3-BF4B-00C04F79EFBC}") = "JJ.Framework.Mvc", "..\JJ.Framework\Framework\Mvc\JJ.Framework.Mvc.csproj", "{FED3C829-D92A-4800-9462-A175CCAC4C70}"
EndProject
Project("{FAE04EC0-301F-11D3-BF4B-00C04F79EFBC}") = "JJ.Framework.Testing", "..\JJ.Framework\Framework\Testing\JJ.Framework.Testing.csproj", "{369D4E9E-4EFF-4699-83B3-C4951EE0A3C3}"
EndProject
Project("{FAE04EC0-301F-11D3-BF4B-00C04F79EFBC}") = "JJ.Framework.IO", "..\JJ.Framework\Framework\IO\JJ.Framework.IO.csproj", "{C600657B-7E29-44B5-83A1-747FAB30D5D0}"
EndProject
Project("{FAE04EC0-301F-11D3-BF4B-00C04F79EFBC}") = "JJ.Framework.WinForms", "..\JJ.Framework\Framework\WinForms\JJ.Framework.WinForms.csproj", "{84A66716-C686-4B8E-A092-CFE38CA7DDE0}"
EndProject
Project("{FAE04EC0-301F-11D3-BF4B-00C04F79EFBC}") = "JJ.Framework.Validation", "..\JJ.Framework\Framework\Validation\JJ.Framework.Validation.csproj", "{59DDC853-62AF-4F86-A803-3D4DD491E978}"
EndProject
Project("{FAE04EC0-301F-11D3-BF4B-00C04F79EFBC}") = "JJ.Framework.Mathematics", "..\JJ.Framework\Framework\Mathematics\JJ.Framework.Mathematics.csproj", "{810B90B9-F501-4B91-B019-2AD5AAD63304}"
EndProject
Project("{FAE04EC0-301F-11D3-BF4B-00C04F79EFBC}") = "JJ.Framework.Xml", "..\JJ.Framework\Framework\Xml\JJ.Framework.Xml.csproj", "{F6EA0941-40FF-4679-A1A6-EACD5C9BA42B}"
EndProject
Project("{FAE04EC0-301F-11D3-BF4B-00C04F79EFBC}") = "JJ.Business.QuestionAndAnswer.Import", "Business\QuestionAndAnswer.Import\JJ.Business.QuestionAndAnswer.Import.csproj", "{D91D777A-F46E-48B6-90E9-90931A3CCFFF}"
EndProject
Project("{FAE04EC0-301F-11D3-BF4B-00C04F79EFBC}") = "JJ.Business.QuestionAndAnswer.Import.W3CSpecCss3", "Business\QuestionAndAnswer.Import.W3CSpecCss3\JJ.Business.QuestionAndAnswer.Import.W3CSpecCss3.csproj", "{D2EBC8CE-4FC5-43C0-9CEF-F060C2E4B439}"
EndProject
Project("{FAE04EC0-301F-11D3-BF4B-00C04F79EFBC}") = "JJ.Presentation.QuestionAndAnswer.Import", "Presentation\QuestionAndAnswer.Import\JJ.Presentation.QuestionAndAnswer.Import.csproj", "{CD05B56A-FCBC-4562-9F84-BE5099D44F34}"
EndProject
Project("{FAE04EC0-301F-11D3-BF4B-00C04F79EFBC}") = "JJ.Presentation.QuestionAndAnswer.Import.WinForms", "Presentation\QuestionAndAnswer.Import.WinForms\JJ.Presentation.QuestionAndAnswer.Import.WinForms.csproj", "{6D0C31F9-C3BC-4BA2-A380-A464F2014801}"
EndProject
Project("{FAE04EC0-301F-11D3-BF4B-00C04F79EFBC}") = "JJ.Framework.Security", "..\JJ.Framework\Framework\Security\JJ.Framework.Security.csproj", "{4007568E-B2B4-4FC5-AA38-34EDC272F010}"
EndProject
Project("{FAE04EC0-301F-11D3-BF4B-00C04F79EFBC}") = "JJ.Data.Canonical", "Data\Canonical\JJ.Data.Canonical.csproj", "{08EA4A4E-D815-47AE-9277-DA6672D36214}"
EndProject
Project("{FAE04EC0-301F-11D3-BF4B-00C04F79EFBC}") = "JJ.Framework.Presentation", "..\JJ.Framework\Framework\Presentation\JJ.Framework.Presentation.csproj", "{79B0EAC3-5159-4FC8-B3D8-53315B205444}"
EndProject
Project("{FAE04EC0-301F-11D3-BF4B-00C04F79EFBC}") = "JJ.Framework.JavaScript", "..\JJ.Framework\Framework\JavaScript\JJ.Framework.JavaScript.csproj", "{BD4CF454-BE0B-490F-997D-665DA7EBEC96}"
EndProject
Project("{FAE04EC0-301F-11D3-BF4B-00C04F79EFBC}") = "JJ.Framework.Logging", "..\JJ.Framework\Framework\Logging\JJ.Framework.Logging.csproj", "{CEEB755D-DE12-4E70-816E-546C429B44B7}"
EndProject
Project("{FAE04EC0-301F-11D3-BF4B-00C04F79EFBC}") = "SgmlReaderDll", "..\JJ.Framework\Third Party\SgmlReader\Source Code Adapted\sgmlreaderdll\SgmlReaderDll.csproj", "{499527FF-AE52-450F-B3E3-4AD53E1712AD}"
EndProject
Project("{FAE04EC0-301F-11D3-BF4B-00C04F79EFBC}") = "JJ.Framework.PlatformCompatibility", "..\JJ.Framework\Framework\PlatformCompatibility\JJ.Framework.PlatformCompatibility.csproj", "{59622A6E-A9AE-438C-A164-05DEA2FCF8CF}"
EndProject
Project("{FAE04EC0-301F-11D3-BF4B-00C04F79EFBC}") = "JJ.Framework.Resources", "..\JJ.Framework\Framework\Resources\JJ.Framework.Resources.csproj", "{40A53175-8048-4F2D-93CA-383074C0267E}"
EndProject
Project("{FAE04EC0-301F-11D3-BF4B-00C04F79EFBC}") = "JJ.Data.QuestionAndAnswer.Sql", "Data\QuestionAndAnswer.Sql\JJ.Data.QuestionAndAnswer.Sql.csproj", "{9CF32856-6431-4366-8DEA-A6CA2F27B5C6}"
EndProject
Project("{FAE04EC0-301F-11D3-BF4B-00C04F79EFBC}") = "JJ.Framework.Business", "..\JJ.Framework\Framework\Business\JJ.Framework.Business.csproj", "{F44D03E8-FEEC-40D4-B866-A87799185B4C}"
EndProject
Project("{FAE04EC0-301F-11D3-BF4B-00C04F79EFBC}") = "JJ.Framework.Web", "..\JJ.Framework\Framework\Web\JJ.Framework.Web.csproj", "{164520AA-2DB7-4405-9AE5-EB515527A33B}"
EndProject
Project("{FAE04EC0-301F-11D3-BF4B-00C04F79EFBC}") = "JJ.Framework.Data.SqlClient", "..\JJ.Framework\Framework\Data.SqlClient\JJ.Framework.Data.SqlClient.csproj", "{CEB85F8E-D429-4510-95A5-47CC3069D412}"
EndProject
Project("{FAE04EC0-301F-11D3-BF4B-00C04F79EFBC}") = "JJ.Presentation.QuestionAndAnswer.Mvc", "Presentation\QuestionAndAnswer.Mvc\JJ.Presentation.QuestionAndAnswer.Mvc.csproj", "{0DD800E5-1FD2-412E-A15F-C4AF46954E29}"
EndProject
Project("{FAE04EC0-301F-11D3-BF4B-00C04F79EFBC}") = "JJ.Framework.Exceptions", "..\JJ.Framework\Framework\Exceptions\JJ.Framework.Exceptions.csproj", "{FA44ABA2-8E13-402C-A5A0-8D73C74B5181}"
EndProject
Project("{FAE04EC0-301F-11D3-BF4B-00C04F79EFBC}") = "JJ.Framework.Drawing", "..\JJ.Framework\Framework\Drawing\JJ.Framework.Drawing.csproj", "{21802A52-F4F7-4366-B61D-06E1FB337B86}"
EndProject
Project("{FAE04EC0-301F-11D3-BF4B-00C04F79EFBC}") = "JJ.Framework.VectorGraphics", "..\JJ.Framework\Framework\VectorGraphics\JJ.Framework.VectorGraphics.csproj", "{52E03E08-331A-4CA7-8D8F-6F598C94EED4}"
EndProject
Project("{FAE04EC0-301F-11D3-BF4B-00C04F79EFBC}") = "JJ.Business.Canonical", "Business\Canonical\JJ.Business.Canonical.csproj", "{4DBE5E36-4B54-4E5F-9B4F-5BBF33A3CEF1}"
EndProject
Project("{FAE04EC0-301F-11D3-BF4B-00C04F79EFBC}") = "JJ.Framework.Text", "..\JJ.Framework\Framework\Text\JJ.Framework.Text.csproj", "{964DE0B4-27F8-40F8-8D50-C97388BF8CE2}"
EndProject
Project("{FAE04EC0-301F-11D3-BF4B-00C04F79EFBC}") = "JJ.Framework.Conversion", "..\JJ.Framework\Framework\Conversion\JJ.Framework.Conversion.csproj", "{BA9EC027-FE36-4FE8-AD96-D0A534FA35A4}"
EndProject
Project("{FAE04EC0-301F-11D3-BF4B-00C04F79EFBC}") = "JJ.Framework.Collections", "..\JJ.Framework\Framework\Collections\JJ.Framework.Collections.csproj", "{5D06A212-5459-47F3-8109-E012C5FC9E3A}"
EndProject
Project("{FAE04EC0-301F-11D3-BF4B-00C04F79EFBC}") = "JJ.Business.QuestionAndAnswer.Import.Language", "Business\QuestionAndAnswer.Import.Language\JJ.Business.QuestionAndAnswer.Import.Language.csproj", "{E850BB7E-ECE9-454B-B1F5-92E7E555E67B}"
EndProject
Project("{FAE04EC0-301F-11D3-BF4B-00C04F79EFBC}") = "JJ.Framework.HtmlToXml", "..\JJ.Framework\Framework\HtmlToXml\JJ.Framework.HtmlToXml.csproj", "{8B3013DC-1F0E-4BBC-BB58-EE28CFDD1E77}"
EndProject
Project("{FAE04EC0-301F-11D3-BF4B-00C04F79EFBC}") = "JJ.Framework.HtmlToXml.Tests", "..\JJ.Framework\Framework\HtmlToXml.Tests\JJ.Framework.HtmlToXml.Tests.csproj", "{F8AE7B1B-A583-4BA8-86BE-CBB436DF4EC3}"
EndProject
Global
	GlobalSection(SolutionConfigurationPlatforms) = preSolution
		Debug|Any CPU = Debug|Any CPU
		NPDebug|Any CPU = NPDebug|Any CPU
		Release|Any CPU = Release|Any CPU
	EndGlobalSection
	GlobalSection(ProjectConfigurationPlatforms) = postSolution
		{680C0600-E384-4F3D-9C2A-38ECC1FDB1CB}.Debug|Any CPU.ActiveCfg = Debug|Any CPU
		{680C0600-E384-4F3D-9C2A-38ECC1FDB1CB}.Debug|Any CPU.Build.0 = Debug|Any CPU
		{680C0600-E384-4F3D-9C2A-38ECC1FDB1CB}.NPDebug|Any CPU.ActiveCfg = Debug|Any CPU
		{680C0600-E384-4F3D-9C2A-38ECC1FDB1CB}.NPDebug|Any CPU.Build.0 = Debug|Any CPU
		{680C0600-E384-4F3D-9C2A-38ECC1FDB1CB}.Release|Any CPU.ActiveCfg = Release|Any CPU
		{680C0600-E384-4F3D-9C2A-38ECC1FDB1CB}.Release|Any CPU.Build.0 = Release|Any CPU
		{B473BE3E-3DCA-4418-BFA0-9EBF0E024350}.Debug|Any CPU.ActiveCfg = Debug|Any CPU
		{B473BE3E-3DCA-4418-BFA0-9EBF0E024350}.Debug|Any CPU.Build.0 = Debug|Any CPU
		{B473BE3E-3DCA-4418-BFA0-9EBF0E024350}.NPDebug|Any CPU.ActiveCfg = Debug|Any CPU
		{B473BE3E-3DCA-4418-BFA0-9EBF0E024350}.NPDebug|Any CPU.Build.0 = Debug|Any CPU
		{B473BE3E-3DCA-4418-BFA0-9EBF0E024350}.Release|Any CPU.ActiveCfg = Release|Any CPU
		{B473BE3E-3DCA-4418-BFA0-9EBF0E024350}.Release|Any CPU.Build.0 = Release|Any CPU
		{64E812DC-4B3E-4A20-A6CA-7EA319383C49}.Debug|Any CPU.ActiveCfg = Debug|Any CPU
		{64E812DC-4B3E-4A20-A6CA-7EA319383C49}.Debug|Any CPU.Build.0 = Debug|Any CPU
		{64E812DC-4B3E-4A20-A6CA-7EA319383C49}.NPDebug|Any CPU.ActiveCfg = Debug|Any CPU
		{64E812DC-4B3E-4A20-A6CA-7EA319383C49}.NPDebug|Any CPU.Build.0 = Debug|Any CPU
		{64E812DC-4B3E-4A20-A6CA-7EA319383C49}.Release|Any CPU.ActiveCfg = Release|Any CPU
		{64E812DC-4B3E-4A20-A6CA-7EA319383C49}.Release|Any CPU.Build.0 = Release|Any CPU
		{7ADEDDCE-6903-4A58-94F5-D0B39B21330F}.Debug|Any CPU.ActiveCfg = Debug|Any CPU
		{7ADEDDCE-6903-4A58-94F5-D0B39B21330F}.Debug|Any CPU.Build.0 = Debug|Any CPU
		{7ADEDDCE-6903-4A58-94F5-D0B39B21330F}.NPDebug|Any CPU.ActiveCfg = Debug|Any CPU
		{7ADEDDCE-6903-4A58-94F5-D0B39B21330F}.NPDebug|Any CPU.Build.0 = Debug|Any CPU
		{7ADEDDCE-6903-4A58-94F5-D0B39B21330F}.Release|Any CPU.ActiveCfg = Release|Any CPU
		{7ADEDDCE-6903-4A58-94F5-D0B39B21330F}.Release|Any CPU.Build.0 = Release|Any CPU
		{DB783ED9-FDE6-458F-A094-457B7F4283A0}.Debug|Any CPU.ActiveCfg = Debug|Any CPU
		{DB783ED9-FDE6-458F-A094-457B7F4283A0}.Debug|Any CPU.Build.0 = Debug|Any CPU
		{DB783ED9-FDE6-458F-A094-457B7F4283A0}.NPDebug|Any CPU.ActiveCfg = Debug|Any CPU
		{DB783ED9-FDE6-458F-A094-457B7F4283A0}.NPDebug|Any CPU.Build.0 = Debug|Any CPU
		{DB783ED9-FDE6-458F-A094-457B7F4283A0}.Release|Any CPU.ActiveCfg = Release|Any CPU
		{DB783ED9-FDE6-458F-A094-457B7F4283A0}.Release|Any CPU.Build.0 = Release|Any CPU
		{B1408E4F-4A1C-4CD6-B818-0FF37A40E2FF}.Debug|Any CPU.ActiveCfg = Debug|Any CPU
		{B1408E4F-4A1C-4CD6-B818-0FF37A40E2FF}.Debug|Any CPU.Build.0 = Debug|Any CPU
		{B1408E4F-4A1C-4CD6-B818-0FF37A40E2FF}.NPDebug|Any CPU.ActiveCfg = Debug|Any CPU
		{B1408E4F-4A1C-4CD6-B818-0FF37A40E2FF}.NPDebug|Any CPU.Build.0 = Debug|Any CPU
		{B1408E4F-4A1C-4CD6-B818-0FF37A40E2FF}.Release|Any CPU.ActiveCfg = Release|Any CPU
		{B1408E4F-4A1C-4CD6-B818-0FF37A40E2FF}.Release|Any CPU.Build.0 = Release|Any CPU
		{805A8237-05ED-40AE-8D1A-9288373EA5E0}.Debug|Any CPU.ActiveCfg = Debug|Any CPU
		{805A8237-05ED-40AE-8D1A-9288373EA5E0}.Debug|Any CPU.Build.0 = Debug|Any CPU
		{805A8237-05ED-40AE-8D1A-9288373EA5E0}.NPDebug|Any CPU.ActiveCfg = Debug|Any CPU
		{805A8237-05ED-40AE-8D1A-9288373EA5E0}.NPDebug|Any CPU.Build.0 = Debug|Any CPU
		{805A8237-05ED-40AE-8D1A-9288373EA5E0}.Release|Any CPU.ActiveCfg = Release|Any CPU
		{805A8237-05ED-40AE-8D1A-9288373EA5E0}.Release|Any CPU.Build.0 = Release|Any CPU
		{1A8E047C-7893-4918-B415-CE3928E815D8}.Debug|Any CPU.ActiveCfg = Debug|Any CPU
		{1A8E047C-7893-4918-B415-CE3928E815D8}.Debug|Any CPU.Build.0 = Debug|Any CPU
		{1A8E047C-7893-4918-B415-CE3928E815D8}.NPDebug|Any CPU.ActiveCfg = Debug|Any CPU
		{1A8E047C-7893-4918-B415-CE3928E815D8}.NPDebug|Any CPU.Build.0 = Debug|Any CPU
		{1A8E047C-7893-4918-B415-CE3928E815D8}.Release|Any CPU.ActiveCfg = Release|Any CPU
		{1A8E047C-7893-4918-B415-CE3928E815D8}.Release|Any CPU.Build.0 = Release|Any CPU
		{44FD9133-5FE7-4824-BD35-27273706D127}.Debug|Any CPU.ActiveCfg = Debug|Any CPU
		{44FD9133-5FE7-4824-BD35-27273706D127}.Debug|Any CPU.Build.0 = Debug|Any CPU
		{44FD9133-5FE7-4824-BD35-27273706D127}.NPDebug|Any CPU.ActiveCfg = Debug|Any CPU
		{44FD9133-5FE7-4824-BD35-27273706D127}.NPDebug|Any CPU.Build.0 = Debug|Any CPU
		{44FD9133-5FE7-4824-BD35-27273706D127}.Release|Any CPU.ActiveCfg = Release|Any CPU
		{44FD9133-5FE7-4824-BD35-27273706D127}.Release|Any CPU.Build.0 = Release|Any CPU
		{7E76AD3A-2418-46EF-A48E-056C9EEF6738}.Debug|Any CPU.ActiveCfg = Debug|Any CPU
		{7E76AD3A-2418-46EF-A48E-056C9EEF6738}.Debug|Any CPU.Build.0 = Debug|Any CPU
		{7E76AD3A-2418-46EF-A48E-056C9EEF6738}.NPDebug|Any CPU.ActiveCfg = Debug|Any CPU
		{7E76AD3A-2418-46EF-A48E-056C9EEF6738}.NPDebug|Any CPU.Build.0 = Debug|Any CPU
		{7E76AD3A-2418-46EF-A48E-056C9EEF6738}.Release|Any CPU.ActiveCfg = Release|Any CPU
		{7E76AD3A-2418-46EF-A48E-056C9EEF6738}.Release|Any CPU.Build.0 = Release|Any CPU
		{4507BFDD-1C21-4BA8-9486-4819D3B6AFCA}.Debug|Any CPU.ActiveCfg = Debug|Any CPU
		{4507BFDD-1C21-4BA8-9486-4819D3B6AFCA}.Debug|Any CPU.Build.0 = Debug|Any CPU
		{4507BFDD-1C21-4BA8-9486-4819D3B6AFCA}.NPDebug|Any CPU.ActiveCfg = Debug|Any CPU
		{4507BFDD-1C21-4BA8-9486-4819D3B6AFCA}.NPDebug|Any CPU.Build.0 = Debug|Any CPU
		{4507BFDD-1C21-4BA8-9486-4819D3B6AFCA}.Release|Any CPU.ActiveCfg = Release|Any CPU
		{4507BFDD-1C21-4BA8-9486-4819D3B6AFCA}.Release|Any CPU.Build.0 = Release|Any CPU
		{9676E4C3-1A1F-45B8-8FFD-C398F14002E7}.Debug|Any CPU.ActiveCfg = Debug|Any CPU
		{9676E4C3-1A1F-45B8-8FFD-C398F14002E7}.Debug|Any CPU.Build.0 = Debug|Any CPU
		{9676E4C3-1A1F-45B8-8FFD-C398F14002E7}.NPDebug|Any CPU.ActiveCfg = Debug|Any CPU
		{9676E4C3-1A1F-45B8-8FFD-C398F14002E7}.NPDebug|Any CPU.Build.0 = Debug|Any CPU
		{9676E4C3-1A1F-45B8-8FFD-C398F14002E7}.Release|Any CPU.ActiveCfg = Release|Any CPU
		{9676E4C3-1A1F-45B8-8FFD-C398F14002E7}.Release|Any CPU.Build.0 = Release|Any CPU
		{FFE345E3-1F70-40E8-BB12-9CB377EF7EB5}.Debug|Any CPU.ActiveCfg = Debug|Any CPU
		{FFE345E3-1F70-40E8-BB12-9CB377EF7EB5}.Debug|Any CPU.Build.0 = Debug|Any CPU
		{FFE345E3-1F70-40E8-BB12-9CB377EF7EB5}.NPDebug|Any CPU.ActiveCfg = Debug|Any CPU
		{FFE345E3-1F70-40E8-BB12-9CB377EF7EB5}.NPDebug|Any CPU.Build.0 = Debug|Any CPU
		{FFE345E3-1F70-40E8-BB12-9CB377EF7EB5}.Release|Any CPU.ActiveCfg = Release|Any CPU
		{FFE345E3-1F70-40E8-BB12-9CB377EF7EB5}.Release|Any CPU.Build.0 = Release|Any CPU
		{FED3C829-D92A-4800-9462-A175CCAC4C70}.Debug|Any CPU.ActiveCfg = Debug|Any CPU
		{FED3C829-D92A-4800-9462-A175CCAC4C70}.Debug|Any CPU.Build.0 = Debug|Any CPU
		{FED3C829-D92A-4800-9462-A175CCAC4C70}.NPDebug|Any CPU.ActiveCfg = Debug|Any CPU
		{FED3C829-D92A-4800-9462-A175CCAC4C70}.NPDebug|Any CPU.Build.0 = Debug|Any CPU
		{FED3C829-D92A-4800-9462-A175CCAC4C70}.Release|Any CPU.ActiveCfg = Release|Any CPU
		{FED3C829-D92A-4800-9462-A175CCAC4C70}.Release|Any CPU.Build.0 = Release|Any CPU
		{369D4E9E-4EFF-4699-83B3-C4951EE0A3C3}.Debug|Any CPU.ActiveCfg = Debug|Any CPU
		{369D4E9E-4EFF-4699-83B3-C4951EE0A3C3}.Debug|Any CPU.Build.0 = Debug|Any CPU
		{369D4E9E-4EFF-4699-83B3-C4951EE0A3C3}.NPDebug|Any CPU.ActiveCfg = Debug|Any CPU
		{369D4E9E-4EFF-4699-83B3-C4951EE0A3C3}.NPDebug|Any CPU.Build.0 = Debug|Any CPU
		{369D4E9E-4EFF-4699-83B3-C4951EE0A3C3}.Release|Any CPU.ActiveCfg = Release|Any CPU
		{369D4E9E-4EFF-4699-83B3-C4951EE0A3C3}.Release|Any CPU.Build.0 = Release|Any CPU
		{C600657B-7E29-44B5-83A1-747FAB30D5D0}.Debug|Any CPU.ActiveCfg = Debug|Any CPU
		{C600657B-7E29-44B5-83A1-747FAB30D5D0}.Debug|Any CPU.Build.0 = Debug|Any CPU
		{C600657B-7E29-44B5-83A1-747FAB30D5D0}.NPDebug|Any CPU.ActiveCfg = Debug|Any CPU
		{C600657B-7E29-44B5-83A1-747FAB30D5D0}.NPDebug|Any CPU.Build.0 = Debug|Any CPU
		{C600657B-7E29-44B5-83A1-747FAB30D5D0}.Release|Any CPU.ActiveCfg = Release|Any CPU
		{C600657B-7E29-44B5-83A1-747FAB30D5D0}.Release|Any CPU.Build.0 = Release|Any CPU
		{84A66716-C686-4B8E-A092-CFE38CA7DDE0}.Debug|Any CPU.ActiveCfg = Debug|Any CPU
		{84A66716-C686-4B8E-A092-CFE38CA7DDE0}.Debug|Any CPU.Build.0 = Debug|Any CPU
		{84A66716-C686-4B8E-A092-CFE38CA7DDE0}.NPDebug|Any CPU.ActiveCfg = Debug|Any CPU
		{84A66716-C686-4B8E-A092-CFE38CA7DDE0}.NPDebug|Any CPU.Build.0 = Debug|Any CPU
		{84A66716-C686-4B8E-A092-CFE38CA7DDE0}.Release|Any CPU.ActiveCfg = Release|Any CPU
		{84A66716-C686-4B8E-A092-CFE38CA7DDE0}.Release|Any CPU.Build.0 = Release|Any CPU
		{59DDC853-62AF-4F86-A803-3D4DD491E978}.Debug|Any CPU.ActiveCfg = Debug|Any CPU
		{59DDC853-62AF-4F86-A803-3D4DD491E978}.Debug|Any CPU.Build.0 = Debug|Any CPU
		{59DDC853-62AF-4F86-A803-3D4DD491E978}.NPDebug|Any CPU.ActiveCfg = Debug|Any CPU
		{59DDC853-62AF-4F86-A803-3D4DD491E978}.NPDebug|Any CPU.Build.0 = Debug|Any CPU
		{59DDC853-62AF-4F86-A803-3D4DD491E978}.Release|Any CPU.ActiveCfg = Release|Any CPU
		{59DDC853-62AF-4F86-A803-3D4DD491E978}.Release|Any CPU.Build.0 = Release|Any CPU
		{810B90B9-F501-4B91-B019-2AD5AAD63304}.Debug|Any CPU.ActiveCfg = Debug|Any CPU
		{810B90B9-F501-4B91-B019-2AD5AAD63304}.Debug|Any CPU.Build.0 = Debug|Any CPU
		{810B90B9-F501-4B91-B019-2AD5AAD63304}.NPDebug|Any CPU.ActiveCfg = Debug|Any CPU
		{810B90B9-F501-4B91-B019-2AD5AAD63304}.NPDebug|Any CPU.Build.0 = Debug|Any CPU
		{810B90B9-F501-4B91-B019-2AD5AAD63304}.Release|Any CPU.ActiveCfg = Release|Any CPU
		{810B90B9-F501-4B91-B019-2AD5AAD63304}.Release|Any CPU.Build.0 = Release|Any CPU
		{F6EA0941-40FF-4679-A1A6-EACD5C9BA42B}.Debug|Any CPU.ActiveCfg = Debug|Any CPU
		{F6EA0941-40FF-4679-A1A6-EACD5C9BA42B}.Debug|Any CPU.Build.0 = Debug|Any CPU
		{F6EA0941-40FF-4679-A1A6-EACD5C9BA42B}.NPDebug|Any CPU.ActiveCfg = Debug|Any CPU
		{F6EA0941-40FF-4679-A1A6-EACD5C9BA42B}.NPDebug|Any CPU.Build.0 = Debug|Any CPU
		{F6EA0941-40FF-4679-A1A6-EACD5C9BA42B}.Release|Any CPU.ActiveCfg = Release|Any CPU
		{F6EA0941-40FF-4679-A1A6-EACD5C9BA42B}.Release|Any CPU.Build.0 = Release|Any CPU
		{D91D777A-F46E-48B6-90E9-90931A3CCFFF}.Debug|Any CPU.ActiveCfg = Debug|Any CPU
		{D91D777A-F46E-48B6-90E9-90931A3CCFFF}.Debug|Any CPU.Build.0 = Debug|Any CPU
		{D91D777A-F46E-48B6-90E9-90931A3CCFFF}.NPDebug|Any CPU.ActiveCfg = Debug|Any CPU
		{D91D777A-F46E-48B6-90E9-90931A3CCFFF}.NPDebug|Any CPU.Build.0 = Debug|Any CPU
		{D91D777A-F46E-48B6-90E9-90931A3CCFFF}.Release|Any CPU.ActiveCfg = Release|Any CPU
		{D91D777A-F46E-48B6-90E9-90931A3CCFFF}.Release|Any CPU.Build.0 = Release|Any CPU
		{D2EBC8CE-4FC5-43C0-9CEF-F060C2E4B439}.Debug|Any CPU.ActiveCfg = Debug|Any CPU
		{D2EBC8CE-4FC5-43C0-9CEF-F060C2E4B439}.Debug|Any CPU.Build.0 = Debug|Any CPU
		{D2EBC8CE-4FC5-43C0-9CEF-F060C2E4B439}.NPDebug|Any CPU.ActiveCfg = Debug|Any CPU
		{D2EBC8CE-4FC5-43C0-9CEF-F060C2E4B439}.NPDebug|Any CPU.Build.0 = Debug|Any CPU
		{D2EBC8CE-4FC5-43C0-9CEF-F060C2E4B439}.Release|Any CPU.ActiveCfg = Release|Any CPU
		{D2EBC8CE-4FC5-43C0-9CEF-F060C2E4B439}.Release|Any CPU.Build.0 = Release|Any CPU
		{CD05B56A-FCBC-4562-9F84-BE5099D44F34}.Debug|Any CPU.ActiveCfg = Debug|Any CPU
		{CD05B56A-FCBC-4562-9F84-BE5099D44F34}.Debug|Any CPU.Build.0 = Debug|Any CPU
		{CD05B56A-FCBC-4562-9F84-BE5099D44F34}.NPDebug|Any CPU.ActiveCfg = Debug|Any CPU
		{CD05B56A-FCBC-4562-9F84-BE5099D44F34}.NPDebug|Any CPU.Build.0 = Debug|Any CPU
		{CD05B56A-FCBC-4562-9F84-BE5099D44F34}.Release|Any CPU.ActiveCfg = Release|Any CPU
		{CD05B56A-FCBC-4562-9F84-BE5099D44F34}.Release|Any CPU.Build.0 = Release|Any CPU
		{6D0C31F9-C3BC-4BA2-A380-A464F2014801}.Debug|Any CPU.ActiveCfg = Debug|Any CPU
		{6D0C31F9-C3BC-4BA2-A380-A464F2014801}.Debug|Any CPU.Build.0 = Debug|Any CPU
		{6D0C31F9-C3BC-4BA2-A380-A464F2014801}.NPDebug|Any CPU.ActiveCfg = Debug|Any CPU
		{6D0C31F9-C3BC-4BA2-A380-A464F2014801}.NPDebug|Any CPU.Build.0 = Debug|Any CPU
		{6D0C31F9-C3BC-4BA2-A380-A464F2014801}.Release|Any CPU.ActiveCfg = Release|Any CPU
		{6D0C31F9-C3BC-4BA2-A380-A464F2014801}.Release|Any CPU.Build.0 = Release|Any CPU
		{4007568E-B2B4-4FC5-AA38-34EDC272F010}.Debug|Any CPU.ActiveCfg = Debug|Any CPU
		{4007568E-B2B4-4FC5-AA38-34EDC272F010}.Debug|Any CPU.Build.0 = Debug|Any CPU
		{4007568E-B2B4-4FC5-AA38-34EDC272F010}.NPDebug|Any CPU.ActiveCfg = Debug|Any CPU
		{4007568E-B2B4-4FC5-AA38-34EDC272F010}.NPDebug|Any CPU.Build.0 = Debug|Any CPU
		{4007568E-B2B4-4FC5-AA38-34EDC272F010}.Release|Any CPU.ActiveCfg = Release|Any CPU
		{4007568E-B2B4-4FC5-AA38-34EDC272F010}.Release|Any CPU.Build.0 = Release|Any CPU
		{08EA4A4E-D815-47AE-9277-DA6672D36214}.Debug|Any CPU.ActiveCfg = Debug|Any CPU
		{08EA4A4E-D815-47AE-9277-DA6672D36214}.Debug|Any CPU.Build.0 = Debug|Any CPU
		{08EA4A4E-D815-47AE-9277-DA6672D36214}.NPDebug|Any CPU.ActiveCfg = Debug|Any CPU
		{08EA4A4E-D815-47AE-9277-DA6672D36214}.NPDebug|Any CPU.Build.0 = Debug|Any CPU
		{08EA4A4E-D815-47AE-9277-DA6672D36214}.Release|Any CPU.ActiveCfg = Release|Any CPU
		{08EA4A4E-D815-47AE-9277-DA6672D36214}.Release|Any CPU.Build.0 = Release|Any CPU
		{79B0EAC3-5159-4FC8-B3D8-53315B205444}.Debug|Any CPU.ActiveCfg = Debug|Any CPU
		{79B0EAC3-5159-4FC8-B3D8-53315B205444}.Debug|Any CPU.Build.0 = Debug|Any CPU
		{79B0EAC3-5159-4FC8-B3D8-53315B205444}.NPDebug|Any CPU.ActiveCfg = Debug|Any CPU
		{79B0EAC3-5159-4FC8-B3D8-53315B205444}.NPDebug|Any CPU.Build.0 = Debug|Any CPU
		{79B0EAC3-5159-4FC8-B3D8-53315B205444}.Release|Any CPU.ActiveCfg = Release|Any CPU
		{79B0EAC3-5159-4FC8-B3D8-53315B205444}.Release|Any CPU.Build.0 = Release|Any CPU
		{BD4CF454-BE0B-490F-997D-665DA7EBEC96}.Debug|Any CPU.ActiveCfg = Debug|Any CPU
		{BD4CF454-BE0B-490F-997D-665DA7EBEC96}.Debug|Any CPU.Build.0 = Debug|Any CPU
		{BD4CF454-BE0B-490F-997D-665DA7EBEC96}.NPDebug|Any CPU.ActiveCfg = Debug|Any CPU
		{BD4CF454-BE0B-490F-997D-665DA7EBEC96}.NPDebug|Any CPU.Build.0 = Debug|Any CPU
		{BD4CF454-BE0B-490F-997D-665DA7EBEC96}.Release|Any CPU.ActiveCfg = Release|Any CPU
		{BD4CF454-BE0B-490F-997D-665DA7EBEC96}.Release|Any CPU.Build.0 = Release|Any CPU
		{CEEB755D-DE12-4E70-816E-546C429B44B7}.Debug|Any CPU.ActiveCfg = Debug|Any CPU
		{CEEB755D-DE12-4E70-816E-546C429B44B7}.Debug|Any CPU.Build.0 = Debug|Any CPU
		{CEEB755D-DE12-4E70-816E-546C429B44B7}.NPDebug|Any CPU.ActiveCfg = Debug|Any CPU
		{CEEB755D-DE12-4E70-816E-546C429B44B7}.NPDebug|Any CPU.Build.0 = Debug|Any CPU
		{CEEB755D-DE12-4E70-816E-546C429B44B7}.Release|Any CPU.ActiveCfg = Release|Any CPU
		{CEEB755D-DE12-4E70-816E-546C429B44B7}.Release|Any CPU.Build.0 = Release|Any CPU
		{499527FF-AE52-450F-B3E3-4AD53E1712AD}.Debug|Any CPU.ActiveCfg = Debug|Any CPU
		{499527FF-AE52-450F-B3E3-4AD53E1712AD}.Debug|Any CPU.Build.0 = Debug|Any CPU
		{499527FF-AE52-450F-B3E3-4AD53E1712AD}.NPDebug|Any CPU.ActiveCfg = Debug|Any CPU
		{499527FF-AE52-450F-B3E3-4AD53E1712AD}.NPDebug|Any CPU.Build.0 = Debug|Any CPU
		{499527FF-AE52-450F-B3E3-4AD53E1712AD}.Release|Any CPU.ActiveCfg = Release|Any CPU
		{499527FF-AE52-450F-B3E3-4AD53E1712AD}.Release|Any CPU.Build.0 = Release|Any CPU
		{59622A6E-A9AE-438C-A164-05DEA2FCF8CF}.Debug|Any CPU.ActiveCfg = Debug|Any CPU
		{59622A6E-A9AE-438C-A164-05DEA2FCF8CF}.Debug|Any CPU.Build.0 = Debug|Any CPU
		{59622A6E-A9AE-438C-A164-05DEA2FCF8CF}.NPDebug|Any CPU.ActiveCfg = Debug|Any CPU
		{59622A6E-A9AE-438C-A164-05DEA2FCF8CF}.NPDebug|Any CPU.Build.0 = Debug|Any CPU
		{59622A6E-A9AE-438C-A164-05DEA2FCF8CF}.Release|Any CPU.ActiveCfg = Release|Any CPU
		{59622A6E-A9AE-438C-A164-05DEA2FCF8CF}.Release|Any CPU.Build.0 = Release|Any CPU
		{40A53175-8048-4F2D-93CA-383074C0267E}.Debug|Any CPU.ActiveCfg = Debug|Any CPU
		{40A53175-8048-4F2D-93CA-383074C0267E}.Debug|Any CPU.Build.0 = Debug|Any CPU
		{40A53175-8048-4F2D-93CA-383074C0267E}.NPDebug|Any CPU.ActiveCfg = Debug|Any CPU
		{40A53175-8048-4F2D-93CA-383074C0267E}.NPDebug|Any CPU.Build.0 = Debug|Any CPU
		{40A53175-8048-4F2D-93CA-383074C0267E}.Release|Any CPU.ActiveCfg = Release|Any CPU
		{40A53175-8048-4F2D-93CA-383074C0267E}.Release|Any CPU.Build.0 = Release|Any CPU
		{9CF32856-6431-4366-8DEA-A6CA2F27B5C6}.Debug|Any CPU.ActiveCfg = Debug|Any CPU
		{9CF32856-6431-4366-8DEA-A6CA2F27B5C6}.Debug|Any CPU.Build.0 = Debug|Any CPU
		{9CF32856-6431-4366-8DEA-A6CA2F27B5C6}.NPDebug|Any CPU.ActiveCfg = Debug|Any CPU
		{9CF32856-6431-4366-8DEA-A6CA2F27B5C6}.NPDebug|Any CPU.Build.0 = Debug|Any CPU
		{9CF32856-6431-4366-8DEA-A6CA2F27B5C6}.Release|Any CPU.ActiveCfg = Release|Any CPU
		{9CF32856-6431-4366-8DEA-A6CA2F27B5C6}.Release|Any CPU.Build.0 = Release|Any CPU
		{F44D03E8-FEEC-40D4-B866-A87799185B4C}.Debug|Any CPU.ActiveCfg = Debug|Any CPU
		{F44D03E8-FEEC-40D4-B866-A87799185B4C}.Debug|Any CPU.Build.0 = Debug|Any CPU
		{F44D03E8-FEEC-40D4-B866-A87799185B4C}.NPDebug|Any CPU.ActiveCfg = Debug|Any CPU
		{F44D03E8-FEEC-40D4-B866-A87799185B4C}.NPDebug|Any CPU.Build.0 = Debug|Any CPU
		{F44D03E8-FEEC-40D4-B866-A87799185B4C}.Release|Any CPU.ActiveCfg = Release|Any CPU
		{F44D03E8-FEEC-40D4-B866-A87799185B4C}.Release|Any CPU.Build.0 = Release|Any CPU
		{164520AA-2DB7-4405-9AE5-EB515527A33B}.Debug|Any CPU.ActiveCfg = Debug|Any CPU
		{164520AA-2DB7-4405-9AE5-EB515527A33B}.Debug|Any CPU.Build.0 = Debug|Any CPU
		{164520AA-2DB7-4405-9AE5-EB515527A33B}.NPDebug|Any CPU.ActiveCfg = Debug|Any CPU
		{164520AA-2DB7-4405-9AE5-EB515527A33B}.NPDebug|Any CPU.Build.0 = Debug|Any CPU
		{164520AA-2DB7-4405-9AE5-EB515527A33B}.Release|Any CPU.ActiveCfg = Release|Any CPU
		{164520AA-2DB7-4405-9AE5-EB515527A33B}.Release|Any CPU.Build.0 = Release|Any CPU
		{CEB85F8E-D429-4510-95A5-47CC3069D412}.Debug|Any CPU.ActiveCfg = Debug|Any CPU
		{CEB85F8E-D429-4510-95A5-47CC3069D412}.Debug|Any CPU.Build.0 = Debug|Any CPU
		{CEB85F8E-D429-4510-95A5-47CC3069D412}.NPDebug|Any CPU.ActiveCfg = Debug|Any CPU
		{CEB85F8E-D429-4510-95A5-47CC3069D412}.NPDebug|Any CPU.Build.0 = Debug|Any CPU
		{CEB85F8E-D429-4510-95A5-47CC3069D412}.Release|Any CPU.ActiveCfg = Release|Any CPU
		{CEB85F8E-D429-4510-95A5-47CC3069D412}.Release|Any CPU.Build.0 = Release|Any CPU
		{0DD800E5-1FD2-412E-A15F-C4AF46954E29}.Debug|Any CPU.ActiveCfg = Debug|Any CPU
		{0DD800E5-1FD2-412E-A15F-C4AF46954E29}.Debug|Any CPU.Build.0 = Debug|Any CPU
		{0DD800E5-1FD2-412E-A15F-C4AF46954E29}.NPDebug|Any CPU.ActiveCfg = Debug|Any CPU
		{0DD800E5-1FD2-412E-A15F-C4AF46954E29}.NPDebug|Any CPU.Build.0 = Debug|Any CPU
		{0DD800E5-1FD2-412E-A15F-C4AF46954E29}.Release|Any CPU.ActiveCfg = Release|Any CPU
		{0DD800E5-1FD2-412E-A15F-C4AF46954E29}.Release|Any CPU.Build.0 = Release|Any CPU
		{FA44ABA2-8E13-402C-A5A0-8D73C74B5181}.Debug|Any CPU.ActiveCfg = Debug|Any CPU
		{FA44ABA2-8E13-402C-A5A0-8D73C74B5181}.Debug|Any CPU.Build.0 = Debug|Any CPU
		{FA44ABA2-8E13-402C-A5A0-8D73C74B5181}.NPDebug|Any CPU.ActiveCfg = Debug|Any CPU
		{FA44ABA2-8E13-402C-A5A0-8D73C74B5181}.NPDebug|Any CPU.Build.0 = Debug|Any CPU
		{FA44ABA2-8E13-402C-A5A0-8D73C74B5181}.Release|Any CPU.ActiveCfg = Release|Any CPU
		{FA44ABA2-8E13-402C-A5A0-8D73C74B5181}.Release|Any CPU.Build.0 = Release|Any CPU
		{21802A52-F4F7-4366-B61D-06E1FB337B86}.Debug|Any CPU.ActiveCfg = Debug|Any CPU
		{21802A52-F4F7-4366-B61D-06E1FB337B86}.Debug|Any CPU.Build.0 = Debug|Any CPU
		{21802A52-F4F7-4366-B61D-06E1FB337B86}.NPDebug|Any CPU.ActiveCfg = Debug|Any CPU
		{21802A52-F4F7-4366-B61D-06E1FB337B86}.NPDebug|Any CPU.Build.0 = Debug|Any CPU
		{21802A52-F4F7-4366-B61D-06E1FB337B86}.Release|Any CPU.ActiveCfg = Release|Any CPU
		{21802A52-F4F7-4366-B61D-06E1FB337B86}.Release|Any CPU.Build.0 = Release|Any CPU
		{52E03E08-331A-4CA7-8D8F-6F598C94EED4}.Debug|Any CPU.ActiveCfg = Debug|Any CPU
		{52E03E08-331A-4CA7-8D8F-6F598C94EED4}.Debug|Any CPU.Build.0 = Debug|Any CPU
		{52E03E08-331A-4CA7-8D8F-6F598C94EED4}.NPDebug|Any CPU.ActiveCfg = Debug|Any CPU
		{52E03E08-331A-4CA7-8D8F-6F598C94EED4}.NPDebug|Any CPU.Build.0 = Debug|Any CPU
		{52E03E08-331A-4CA7-8D8F-6F598C94EED4}.Release|Any CPU.ActiveCfg = Release|Any CPU
		{52E03E08-331A-4CA7-8D8F-6F598C94EED4}.Release|Any CPU.Build.0 = Release|Any CPU
		{4DBE5E36-4B54-4E5F-9B4F-5BBF33A3CEF1}.Debug|Any CPU.ActiveCfg = Debug|Any CPU
		{4DBE5E36-4B54-4E5F-9B4F-5BBF33A3CEF1}.Debug|Any CPU.Build.0 = Debug|Any CPU
		{4DBE5E36-4B54-4E5F-9B4F-5BBF33A3CEF1}.NPDebug|Any CPU.ActiveCfg = Debug|Any CPU
		{4DBE5E36-4B54-4E5F-9B4F-5BBF33A3CEF1}.NPDebug|Any CPU.Build.0 = Debug|Any CPU
		{4DBE5E36-4B54-4E5F-9B4F-5BBF33A3CEF1}.Release|Any CPU.ActiveCfg = Release|Any CPU
		{4DBE5E36-4B54-4E5F-9B4F-5BBF33A3CEF1}.Release|Any CPU.Build.0 = Release|Any CPU
		{964DE0B4-27F8-40F8-8D50-C97388BF8CE2}.Debug|Any CPU.ActiveCfg = Debug|Any CPU
		{964DE0B4-27F8-40F8-8D50-C97388BF8CE2}.Debug|Any CPU.Build.0 = Debug|Any CPU
		{964DE0B4-27F8-40F8-8D50-C97388BF8CE2}.NPDebug|Any CPU.ActiveCfg = Debug|Any CPU
		{964DE0B4-27F8-40F8-8D50-C97388BF8CE2}.NPDebug|Any CPU.Build.0 = Debug|Any CPU
		{964DE0B4-27F8-40F8-8D50-C97388BF8CE2}.Release|Any CPU.ActiveCfg = Release|Any CPU
		{964DE0B4-27F8-40F8-8D50-C97388BF8CE2}.Release|Any CPU.Build.0 = Release|Any CPU
		{BA9EC027-FE36-4FE8-AD96-D0A534FA35A4}.Debug|Any CPU.ActiveCfg = Debug|Any CPU
		{BA9EC027-FE36-4FE8-AD96-D0A534FA35A4}.Debug|Any CPU.Build.0 = Debug|Any CPU
		{BA9EC027-FE36-4FE8-AD96-D0A534FA35A4}.NPDebug|Any CPU.ActiveCfg = Debug|Any CPU
		{BA9EC027-FE36-4FE8-AD96-D0A534FA35A4}.NPDebug|Any CPU.Build.0 = Debug|Any CPU
		{BA9EC027-FE36-4FE8-AD96-D0A534FA35A4}.Release|Any CPU.ActiveCfg = Release|Any CPU
		{BA9EC027-FE36-4FE8-AD96-D0A534FA35A4}.Release|Any CPU.Build.0 = Release|Any CPU
		{5D06A212-5459-47F3-8109-E012C5FC9E3A}.Debug|Any CPU.ActiveCfg = Debug|Any CPU
		{5D06A212-5459-47F3-8109-E012C5FC9E3A}.Debug|Any CPU.Build.0 = Debug|Any CPU
		{5D06A212-5459-47F3-8109-E012C5FC9E3A}.NPDebug|Any CPU.ActiveCfg = Debug|Any CPU
		{5D06A212-5459-47F3-8109-E012C5FC9E3A}.NPDebug|Any CPU.Build.0 = Debug|Any CPU
		{5D06A212-5459-47F3-8109-E012C5FC9E3A}.Release|Any CPU.ActiveCfg = Release|Any CPU
		{5D06A212-5459-47F3-8109-E012C5FC9E3A}.Release|Any CPU.Build.0 = Release|Any CPU
		{E850BB7E-ECE9-454B-B1F5-92E7E555E67B}.Debug|Any CPU.ActiveCfg = Debug|Any CPU
		{E850BB7E-ECE9-454B-B1F5-92E7E555E67B}.Debug|Any CPU.Build.0 = Debug|Any CPU
		{E850BB7E-ECE9-454B-B1F5-92E7E555E67B}.NPDebug|Any CPU.ActiveCfg = Debug|Any CPU
		{E850BB7E-ECE9-454B-B1F5-92E7E555E67B}.NPDebug|Any CPU.Build.0 = Debug|Any CPU
		{E850BB7E-ECE9-454B-B1F5-92E7E555E67B}.Release|Any CPU.ActiveCfg = Release|Any CPU
		{E850BB7E-ECE9-454B-B1F5-92E7E555E67B}.Release|Any CPU.Build.0 = Release|Any CPU
		{8B3013DC-1F0E-4BBC-BB58-EE28CFDD1E77}.Debug|Any CPU.ActiveCfg = Debug|Any CPU
		{8B3013DC-1F0E-4BBC-BB58-EE28CFDD1E77}.Debug|Any CPU.Build.0 = Debug|Any CPU
		{8B3013DC-1F0E-4BBC-BB58-EE28CFDD1E77}.NPDebug|Any CPU.ActiveCfg = Debug|Any CPU
		{8B3013DC-1F0E-4BBC-BB58-EE28CFDD1E77}.NPDebug|Any CPU.Build.0 = Debug|Any CPU
		{8B3013DC-1F0E-4BBC-BB58-EE28CFDD1E77}.Release|Any CPU.ActiveCfg = Release|Any CPU
		{8B3013DC-1F0E-4BBC-BB58-EE28CFDD1E77}.Release|Any CPU.Build.0 = Release|Any CPU
		{F8AE7B1B-A583-4BA8-86BE-CBB436DF4EC3}.Debug|Any CPU.ActiveCfg = Debug|Any CPU
		{F8AE7B1B-A583-4BA8-86BE-CBB436DF4EC3}.Debug|Any CPU.Build.0 = Debug|Any CPU
		{F8AE7B1B-A583-4BA8-86BE-CBB436DF4EC3}.NPDebug|Any CPU.ActiveCfg = Debug|Any CPU
		{F8AE7B1B-A583-4BA8-86BE-CBB436DF4EC3}.NPDebug|Any CPU.Build.0 = Debug|Any CPU
		{F8AE7B1B-A583-4BA8-86BE-CBB436DF4EC3}.Release|Any CPU.ActiveCfg = Release|Any CPU
		{F8AE7B1B-A583-4BA8-86BE-CBB436DF4EC3}.Release|Any CPU.Build.0 = Release|Any CPU
	EndGlobalSection
	GlobalSection(SolutionProperties) = preSolution
		HideSolutionNode = FALSE
	EndGlobalSection
	GlobalSection(NestedProjects) = preSolution
		{7ADEDDCE-6903-4A58-94F5-D0B39B21330F} = {E3DC759D-B004-4E6C-8381-D5D5C74A5B92}
		{DB783ED9-FDE6-458F-A094-457B7F4283A0} = {E3DC759D-B004-4E6C-8381-D5D5C74A5B92}
		{805A8237-05ED-40AE-8D1A-9288373EA5E0} = {E3DC759D-B004-4E6C-8381-D5D5C74A5B92}
		{1A8E047C-7893-4918-B415-CE3928E815D8} = {E3DC759D-B004-4E6C-8381-D5D5C74A5B92}
		{44FD9133-5FE7-4824-BD35-27273706D127} = {E3DC759D-B004-4E6C-8381-D5D5C74A5B92}
		{9676E4C3-1A1F-45B8-8FFD-C398F14002E7} = {E3DC759D-B004-4E6C-8381-D5D5C74A5B92}
		{FED3C829-D92A-4800-9462-A175CCAC4C70} = {E3DC759D-B004-4E6C-8381-D5D5C74A5B92}
		{369D4E9E-4EFF-4699-83B3-C4951EE0A3C3} = {E3DC759D-B004-4E6C-8381-D5D5C74A5B92}
		{C600657B-7E29-44B5-83A1-747FAB30D5D0} = {E3DC759D-B004-4E6C-8381-D5D5C74A5B92}
		{84A66716-C686-4B8E-A092-CFE38CA7DDE0} = {E3DC759D-B004-4E6C-8381-D5D5C74A5B92}
		{59DDC853-62AF-4F86-A803-3D4DD491E978} = {E3DC759D-B004-4E6C-8381-D5D5C74A5B92}
		{810B90B9-F501-4B91-B019-2AD5AAD63304} = {E3DC759D-B004-4E6C-8381-D5D5C74A5B92}
		{F6EA0941-40FF-4679-A1A6-EACD5C9BA42B} = {E3DC759D-B004-4E6C-8381-D5D5C74A5B92}
		{4007568E-B2B4-4FC5-AA38-34EDC272F010} = {E3DC759D-B004-4E6C-8381-D5D5C74A5B92}
		{08EA4A4E-D815-47AE-9277-DA6672D36214} = {E3DC759D-B004-4E6C-8381-D5D5C74A5B92}
		{79B0EAC3-5159-4FC8-B3D8-53315B205444} = {E3DC759D-B004-4E6C-8381-D5D5C74A5B92}
		{BD4CF454-BE0B-490F-997D-665DA7EBEC96} = {E3DC759D-B004-4E6C-8381-D5D5C74A5B92}
		{CEEB755D-DE12-4E70-816E-546C429B44B7} = {E3DC759D-B004-4E6C-8381-D5D5C74A5B92}
		{499527FF-AE52-450F-B3E3-4AD53E1712AD} = {E3DC759D-B004-4E6C-8381-D5D5C74A5B92}
		{59622A6E-A9AE-438C-A164-05DEA2FCF8CF} = {E3DC759D-B004-4E6C-8381-D5D5C74A5B92}
		{40A53175-8048-4F2D-93CA-383074C0267E} = {E3DC759D-B004-4E6C-8381-D5D5C74A5B92}
		{F44D03E8-FEEC-40D4-B866-A87799185B4C} = {E3DC759D-B004-4E6C-8381-D5D5C74A5B92}
		{164520AA-2DB7-4405-9AE5-EB515527A33B} = {E3DC759D-B004-4E6C-8381-D5D5C74A5B92}
		{CEB85F8E-D429-4510-95A5-47CC3069D412} = {E3DC759D-B004-4E6C-8381-D5D5C74A5B92}
		{FA44ABA2-8E13-402C-A5A0-8D73C74B5181} = {E3DC759D-B004-4E6C-8381-D5D5C74A5B92}
		{21802A52-F4F7-4366-B61D-06E1FB337B86} = {E3DC759D-B004-4E6C-8381-D5D5C74A5B92}
		{52E03E08-331A-4CA7-8D8F-6F598C94EED4} = {E3DC759D-B004-4E6C-8381-D5D5C74A5B92}
		{4DBE5E36-4B54-4E5F-9B4F-5BBF33A3CEF1} = {E3DC759D-B004-4E6C-8381-D5D5C74A5B92}
		{964DE0B4-27F8-40F8-8D50-C97388BF8CE2} = {E3DC759D-B004-4E6C-8381-D5D5C74A5B92}
		{BA9EC027-FE36-4FE8-AD96-D0A534FA35A4} = {E3DC759D-B004-4E6C-8381-D5D5C74A5B92}
		{5D06A212-5459-47F3-8109-E012C5FC9E3A} = {E3DC759D-B004-4E6C-8381-D5D5C74A5B92}
		{8B3013DC-1F0E-4BBC-BB58-EE28CFDD1E77} = {E3DC759D-B004-4E6C-8381-D5D5C74A5B92}
		{F8AE7B1B-A583-4BA8-86BE-CBB436DF4EC3} = {E3DC759D-B004-4E6C-8381-D5D5C74A5B92}
	EndGlobalSection
	GlobalSection(ExtensibilityGlobals) = postSolution
		SolutionGuid = {E3FB5B08-F995-446F-9222-97AF1E185F77}
	EndGlobalSection
EndGlobal
